// !$*UTF8*$!
{
	archiveVersion = 1;
	classes = {
	};
	objectVersion = 77;
	objects = {

/* Begin PBXBuildFile section */
		010A799CF52B233D3706F902 /* KeychainHelper.swift in Sources */ = {isa = PBXBuildFile; fileRef = 4A8BE984C8A5C9922570BF34 /* KeychainHelper.swift */; };
		01792DC534BC72187F931F28 /* iOSLoginView.swift in Sources */ = {isa = PBXBuildFile; fileRef = BFC9C0F89785681B5B5ACD3E /* iOSLoginView.swift */; };
		045ED01433B290ED84979F07 /* ContentView.swift in Sources */ = {isa = PBXBuildFile; fileRef = C5075BCD92F3235F0B45B45E /* ContentView.swift */; };
		08B89649B5D9CB263B2750C2 /* KeychainHelper.swift in Sources */ = {isa = PBXBuildFile; fileRef = 4A8BE984C8A5C9922570BF34 /* KeychainHelper.swift */; };
		0DAF3EC9A8C198F46D146D24 /* UsageViews.swift in Sources */ = {isa = PBXBuildFile; fileRef = 62DF0533D82BA7540D8026E6 /* UsageViews.swift */; };
		0FA5BCA051CA0A4FE245B6FF /* SharedDefaults.swift in Sources */ = {isa = PBXBuildFile; fileRef = 6EFACA71C7F66D153CFC7715 /* SharedDefaults.swift */; };
		15CE708F177EBAD43EDD43FB /* ConcentricCirclesView.swift in Sources */ = {isa = PBXBuildFile; fileRef = 7AECB6850F4359F607BCEDF3 /* ConcentricCirclesView.swift */; };
		176B79A3E45DDFC3A987C9E0 /* LoginWindowController.swift in Sources */ = {isa = PBXBuildFile; fileRef = 4736BF0B9471FF429C8C2FE9 /* LoginWindowController.swift */; };
		27CA6A8F2798A4FBA991ED46 /* UsageViews.swift in Sources */ = {isa = PBXBuildFile; fileRef = 62DF0533D82BA7540D8026E6 /* UsageViews.swift */; };
		2E1942F34A0EAFDC282A2B00 /* Claude_UsageApp.swift in Sources */ = {isa = PBXBuildFile; fileRef = E252F6DA8F781F92E73CBA72 /* Claude_UsageApp.swift */; };
		38262AFED4AF28D0EC0AD4F2 /* UsageService.swift in Sources */ = {isa = PBXBuildFile; fileRef = 5E7E3A791CA2AB8863C53101 /* UsageService.swift */; };
		3BA39DBCAD869F0EACCF485F /* ConcentricCirclesView.swift in Sources */ = {isa = PBXBuildFile; fileRef = 7AECB6850F4359F607BCEDF3 /* ConcentricCirclesView.swift */; };
		3D6B6BFB6FD46D448137DF9E /* UsageData.swift in Sources */ = {isa = PBXBuildFile; fileRef = E2067667D40685B11CF39FFB /* UsageData.swift */; };
		4D39A1E0FC526D2155E30E06 /* UsageData.swift in Sources */ = {isa = PBXBuildFile; fileRef = E2067667D40685B11CF39FFB /* UsageData.swift */; };
		5A9264B5DABD712A304CE347 /* UsageService.swift in Sources */ = {isa = PBXBuildFile; fileRef = 5E7E3A791CA2AB8863C53101 /* UsageService.swift */; };
		61B25766728EC3D12216B40D /* iOSApp.swift in Sources */ = {isa = PBXBuildFile; fileRef = 7D8071F779789219DA59E299 /* iOSApp.swift */; };
		642997CE668F9F238CB4C154 /* SharedDefaults.swift in Sources */ = {isa = PBXBuildFile; fileRef = 6EFACA71C7F66D153CFC7715 /* SharedDefaults.swift */; };
		68AEDAC3C33FFAEFDC592556 /* UsagePopoverView.swift in Sources */ = {isa = PBXBuildFile; fileRef = 3FB92722AC4A2689C2685692 /* UsagePopoverView.swift */; };
		69496620014ACC0E255D4109 /* UsageData.swift in Sources */ = {isa = PBXBuildFile; fileRef = E2067667D40685B11CF39FFB /* UsageData.swift */; };
		696A556B63809A5714DD9B43 /* WatchContentView.swift in Sources */ = {isa = PBXBuildFile; fileRef = 2C29CE515E428743F4DEC43F /* WatchContentView.swift */; };
		6F7EC3401B626114F80FC0C3 /* WidgetBundle.swift in Sources */ = {isa = PBXBuildFile; fileRef = 629A748AE97898B2369FE4C4 /* WidgetBundle.swift */; };
		793103113B1FD94C8203835E /* UsageData.swift in Sources */ = {isa = PBXBuildFile; fileRef = E2067667D40685B11CF39FFB /* UsageData.swift */; };
		7E670BD5F147783CD12F52F4 /* Assets.xcassets in Resources */ = {isa = PBXBuildFile; fileRef = C2A720BA3398B9C3B3193D15 /* Assets.xcassets */; };
		88CDE0EF179CA43F154AADF6 /* Assets.xcassets in Resources */ = {isa = PBXBuildFile; fileRef = 28FF1F9E522A27B21E6BBFE9 /* Assets.xcassets */; };
		9497EA397BA661E77C4CEE15 /* UsageViews.swift in Sources */ = {isa = PBXBuildFile; fileRef = 62DF0533D82BA7540D8026E6 /* UsageViews.swift */; };
		9EA73940916554AA49AE6BD3 /* SharedDefaults.swift in Sources */ = {isa = PBXBuildFile; fileRef = 6EFACA71C7F66D153CFC7715 /* SharedDefaults.swift */; };
		A6127CBE60225E6B8D8CDE19 /* SharedDefaults.swift in Sources */ = {isa = PBXBuildFile; fileRef = 6EFACA71C7F66D153CFC7715 /* SharedDefaults.swift */; };
		A64510FA5C2410016399D4AA /* WelcomeWindowController.swift in Sources */ = {isa = PBXBuildFile; fileRef = EE6BC06A53EAEDBEC50D7992 /* WelcomeWindowController.swift */; };
		AA7740F1C84E2A0F4E420F1A /* Claude Your Rings Widget.appex in Embed Foundation Extensions */ = {isa = PBXBuildFile; fileRef = D785AA8DBDEC7C2C001ABBDB /* Claude Your Rings Widget.appex */; settings = {ATTRIBUTES = (RemoveHeadersOnCopy, ); }; };
		BF2E1FDCED3B62B918FC5843 /* AppDelegate.swift in Sources */ = {isa = PBXBuildFile; fileRef = E6A8C96E203B54080374D251 /* AppDelegate.swift */; };
		C5B66ED363AC4EA757D8F97A /* ConcentricCirclesView.swift in Sources */ = {isa = PBXBuildFile; fileRef = 7AECB6850F4359F607BCEDF3 /* ConcentricCirclesView.swift */; };
		CC1D31340D3EE47408DB2C7A /* UsageWidget.swift in Sources */ = {isa = PBXBuildFile; fileRef = 68A5A02CDA21267D6A3989DD /* UsageWidget.swift */; };
		D7FE341FFD1874880375679E /* ConcentricCirclesView.swift in Sources */ = {isa = PBXBuildFile; fileRef = 7AECB6850F4359F607BCEDF3 /* ConcentricCirclesView.swift */; };
		DB0ACF2FDAF3FB27CBA81139 /* Assets.xcassets in Resources */ = {isa = PBXBuildFile; fileRef = CD593410A7FA0056686A880A /* Assets.xcassets */; };
		E7333982B68D38D1F7E7A1A3 /* WatchApp.swift in Sources */ = {isa = PBXBuildFile; fileRef = 7B951864C3A8F03CC1E55132 /* WatchApp.swift */; };
		FA0559F1FA91CB9BA7091F4F /* UsageViews.swift in Sources */ = {isa = PBXBuildFile; fileRef = 62DF0533D82BA7540D8026E6 /* UsageViews.swift */; };
		FEA240232F12D0BABEFB8108 /* ConcentricCirclesRenderer.swift in Sources */ = {isa = PBXBuildFile; fileRef = AFDC3AB7273D072DFF03B526 /* ConcentricCirclesRenderer.swift */; };
/* End PBXBuildFile section */

/* Begin PBXContainerItemProxy section */
		E9B00783FBF549D59E8060DB /* PBXContainerItemProxy */ = {
			isa = PBXContainerItemProxy;
			containerPortal = E353528F24EE79536AA3DE7E /* Project object */;
			proxyType = 1;
			remoteGlobalIDString = D9EF71E15778C98B8EEC8CF8;
			remoteInfo = "Claude Your Rings Widget";
		};
/* End PBXContainerItemProxy section */

/* Begin PBXCopyFilesBuildPhase section */
		3EC11FA340087B7B26104177 /* Embed Foundation Extensions */ = {
			isa = PBXCopyFilesBuildPhase;
			buildActionMask = 2147483647;
			dstPath = "";
			dstSubfolderSpec = 13;
			files = (
				AA7740F1C84E2A0F4E420F1A /* Claude Your Rings Widget.appex in Embed Foundation Extensions */,
			);
			name = "Embed Foundation Extensions";
			runOnlyForDeploymentPostprocessing = 0;
		};
/* End PBXCopyFilesBuildPhase section */

/* Begin PBXFileReference section */
		0872308317299AF9E5D1861A /* Claude Your Rings Watch.app */ = {isa = PBXFileReference; explicitFileType = wrapper.application; includeInIndex = 0; path = "Claude Your Rings Watch.app"; sourceTree = BUILT_PRODUCTS_DIR; };
		120E4BF5343E91F316E0B0B7 /* Claude Your Rings.app */ = {isa = PBXFileReference; explicitFileType = wrapper.application; includeInIndex = 0; path = "Claude Your Rings.app"; sourceTree = BUILT_PRODUCTS_DIR; };
		28FF1F9E522A27B21E6BBFE9 /* Assets.xcassets */ = {isa = PBXFileReference; lastKnownFileType = folder.assetcatalog; path = Assets.xcassets; sourceTree = "<group>"; };
		2C29CE515E428743F4DEC43F /* WatchContentView.swift */ = {isa = PBXFileReference; lastKnownFileType = sourcecode.swift; path = WatchContentView.swift; sourceTree = "<group>"; };
		31BDA17F873696646D7F9A0B /* Claude_Usage_iOS.entitlements */ = {isa = PBXFileReference; lastKnownFileType = text.plist.entitlements; path = Claude_Usage_iOS.entitlements; sourceTree = "<group>"; };
		3FB92722AC4A2689C2685692 /* UsagePopoverView.swift */ = {isa = PBXFileReference; lastKnownFileType = sourcecode.swift; path = UsagePopoverView.swift; sourceTree = "<group>"; };
		4736BF0B9471FF429C8C2FE9 /* LoginWindowController.swift */ = {isa = PBXFileReference; lastKnownFileType = sourcecode.swift; path = LoginWindowController.swift; sourceTree = "<group>"; };
		4A8BE984C8A5C9922570BF34 /* KeychainHelper.swift */ = {isa = PBXFileReference; lastKnownFileType = sourcecode.swift; path = KeychainHelper.swift; sourceTree = "<group>"; };
		5E7E3A791CA2AB8863C53101 /* UsageService.swift */ = {isa = PBXFileReference; lastKnownFileType = sourcecode.swift; path = UsageService.swift; sourceTree = "<group>"; };
		629A748AE97898B2369FE4C4 /* WidgetBundle.swift */ = {isa = PBXFileReference; lastKnownFileType = sourcecode.swift; path = WidgetBundle.swift; sourceTree = "<group>"; };
		62DF0533D82BA7540D8026E6 /* UsageViews.swift */ = {isa = PBXFileReference; lastKnownFileType = sourcecode.swift; path = UsageViews.swift; sourceTree = "<group>"; };
		68A5A02CDA21267D6A3989DD /* UsageWidget.swift */ = {isa = PBXFileReference; lastKnownFileType = sourcecode.swift; path = UsageWidget.swift; sourceTree = "<group>"; };
		6EFACA71C7F66D153CFC7715 /* SharedDefaults.swift */ = {isa = PBXFileReference; lastKnownFileType = sourcecode.swift; path = SharedDefaults.swift; sourceTree = "<group>"; };
		7A75975E223E11BF0164174A /* Info.plist */ = {isa = PBXFileReference; lastKnownFileType = text.plist; path = Info.plist; sourceTree = "<group>"; };
		7AECB6850F4359F607BCEDF3 /* ConcentricCirclesView.swift */ = {isa = PBXFileReference; lastKnownFileType = sourcecode.swift; path = ConcentricCirclesView.swift; sourceTree = "<group>"; };
		7B951864C3A8F03CC1E55132 /* WatchApp.swift */ = {isa = PBXFileReference; lastKnownFileType = sourcecode.swift; path = WatchApp.swift; sourceTree = "<group>"; };
		7D8071F779789219DA59E299 /* iOSApp.swift */ = {isa = PBXFileReference; lastKnownFileType = sourcecode.swift; path = iOSApp.swift; sourceTree = "<group>"; };
		8A4C94EDB128C54D9B0F1E4C /* Claude_Usage_Watch.entitlements */ = {isa = PBXFileReference; lastKnownFileType = text.plist.entitlements; path = Claude_Usage_Watch.entitlements; sourceTree = "<group>"; };
		907B23A66F81990524E3D27E /* Info.plist */ = {isa = PBXFileReference; lastKnownFileType = text.plist; path = Info.plist; sourceTree = "<group>"; };
		98DE101EEA7D5873F7AF4FB5 /* Claude Your Rings iOS.app */ = {isa = PBXFileReference; explicitFileType = wrapper.application; includeInIndex = 0; path = "Claude Your Rings iOS.app"; sourceTree = BUILT_PRODUCTS_DIR; };
		A41BD7189CBAB0D61A33F3D3 /* Claude_Usage.entitlements */ = {isa = PBXFileReference; lastKnownFileType = text.plist.entitlements; path = Claude_Usage.entitlements; sourceTree = "<group>"; };
		AFDC3AB7273D072DFF03B526 /* ConcentricCirclesRenderer.swift */ = {isa = PBXFileReference; lastKnownFileType = sourcecode.swift; path = ConcentricCirclesRenderer.swift; sourceTree = "<group>"; };
		BFC9C0F89785681B5B5ACD3E /* iOSLoginView.swift */ = {isa = PBXFileReference; lastKnownFileType = sourcecode.swift; path = iOSLoginView.swift; sourceTree = "<group>"; };
		C2A720BA3398B9C3B3193D15 /* Assets.xcassets */ = {isa = PBXFileReference; lastKnownFileType = folder.assetcatalog; path = Assets.xcassets; sourceTree = "<group>"; };
		C5075BCD92F3235F0B45B45E /* ContentView.swift */ = {isa = PBXFileReference; lastKnownFileType = sourcecode.swift; path = ContentView.swift; sourceTree = "<group>"; };
		CD593410A7FA0056686A880A /* Assets.xcassets */ = {isa = PBXFileReference; lastKnownFileType = folder.assetcatalog; path = Assets.xcassets; sourceTree = "<group>"; };
		D785AA8DBDEC7C2C001ABBDB /* Claude Your Rings Widget.appex */ = {isa = PBXFileReference; explicitFileType = "wrapper.app-extension"; includeInIndex = 0; path = "Claude Your Rings Widget.appex"; sourceTree = BUILT_PRODUCTS_DIR; };
		E2067667D40685B11CF39FFB /* UsageData.swift */ = {isa = PBXFileReference; lastKnownFileType = sourcecode.swift; path = UsageData.swift; sourceTree = "<group>"; };
		E252F6DA8F781F92E73CBA72 /* Claude_UsageApp.swift */ = {isa = PBXFileReference; lastKnownFileType = sourcecode.swift; path = Claude_UsageApp.swift; sourceTree = "<group>"; };
		E6A8C96E203B54080374D251 /* AppDelegate.swift */ = {isa = PBXFileReference; lastKnownFileType = sourcecode.swift; path = AppDelegate.swift; sourceTree = "<group>"; };
		EE6BC06A53EAEDBEC50D7992 /* WelcomeWindowController.swift */ = {isa = PBXFileReference; lastKnownFileType = sourcecode.swift; path = WelcomeWindowController.swift; sourceTree = "<group>"; };
		F365ECED4F04C6605F294732 /* Claude_Usage_Widget.entitlements */ = {isa = PBXFileReference; lastKnownFileType = text.plist.entitlements; path = Claude_Usage_Widget.entitlements; sourceTree = "<group>"; };
/* End PBXFileReference section */

/* Begin PBXGroup section */
		01EFDD37D73FA4F11F6F49E6 /* Watch */ = {
			isa = PBXGroup;
			children = (
				CD593410A7FA0056686A880A /* Assets.xcassets */,
				8A4C94EDB128C54D9B0F1E4C /* Claude_Usage_Watch.entitlements */,
				7B951864C3A8F03CC1E55132 /* WatchApp.swift */,
				2C29CE515E428743F4DEC43F /* WatchContentView.swift */,
			);
			path = Watch;
			sourceTree = "<group>";
		};
		2FB366BC4A0AE63545606415 /* Shared */ = {
			isa = PBXGroup;
			children = (
				7AECB6850F4359F607BCEDF3 /* ConcentricCirclesView.swift */,
				4A8BE984C8A5C9922570BF34 /* KeychainHelper.swift */,
				6EFACA71C7F66D153CFC7715 /* SharedDefaults.swift */,
				E2067667D40685B11CF39FFB /* UsageData.swift */,
				5E7E3A791CA2AB8863C53101 /* UsageService.swift */,
				62DF0533D82BA7540D8026E6 /* UsageViews.swift */,
			);
			path = Shared;
			sourceTree = "<group>";
		};
		70268C00EB30A47299AC3C7F /* Widget */ = {
			isa = PBXGroup;
			children = (
				F365ECED4F04C6605F294732 /* Claude_Usage_Widget.entitlements */,
				907B23A66F81990524E3D27E /* Info.plist */,
				68A5A02CDA21267D6A3989DD /* UsageWidget.swift */,
				629A748AE97898B2369FE4C4 /* WidgetBundle.swift */,
			);
			path = Widget;
			sourceTree = "<group>";
		};
		797EF4A84E6D9198C07564BC /* iOS */ = {
			isa = PBXGroup;
			children = (
				C2A720BA3398B9C3B3193D15 /* Assets.xcassets */,
				31BDA17F873696646D7F9A0B /* Claude_Usage_iOS.entitlements */,
				C5075BCD92F3235F0B45B45E /* ContentView.swift */,
				7D8071F779789219DA59E299 /* iOSApp.swift */,
				BFC9C0F89785681B5B5ACD3E /* iOSLoginView.swift */,
			);
			path = iOS;
			sourceTree = "<group>";
		};
		916840461552EBEA1FCFAE1C /* Products */ = {
			isa = PBXGroup;
			children = (
				98DE101EEA7D5873F7AF4FB5 /* Claude Your Rings iOS.app */,
				0872308317299AF9E5D1861A /* Claude Your Rings Watch.app */,
				D785AA8DBDEC7C2C001ABBDB /* Claude Your Rings Widget.appex */,
				120E4BF5343E91F316E0B0B7 /* Claude Your Rings.app */,
			);
			name = Products;
			sourceTree = "<group>";
		};
		D2F0F93A6F378ACE57CF34B6 = {
			isa = PBXGroup;
			children = (
				797EF4A84E6D9198C07564BC /* iOS */,
				F8449996D4B6BE9A6D378F98 /* macOS */,
				2FB366BC4A0AE63545606415 /* Shared */,
				01EFDD37D73FA4F11F6F49E6 /* Watch */,
				70268C00EB30A47299AC3C7F /* Widget */,
				916840461552EBEA1FCFAE1C /* Products */,
			);
			sourceTree = "<group>";
		};
		F8449996D4B6BE9A6D378F98 /* macOS */ = {
			isa = PBXGroup;
			children = (
				E6A8C96E203B54080374D251 /* AppDelegate.swift */,
				28FF1F9E522A27B21E6BBFE9 /* Assets.xcassets */,
				A41BD7189CBAB0D61A33F3D3 /* Claude_Usage.entitlements */,
				E252F6DA8F781F92E73CBA72 /* Claude_UsageApp.swift */,
				AFDC3AB7273D072DFF03B526 /* ConcentricCirclesRenderer.swift */,
				7A75975E223E11BF0164174A /* Info.plist */,
				4736BF0B9471FF429C8C2FE9 /* LoginWindowController.swift */,
				3FB92722AC4A2689C2685692 /* UsagePopoverView.swift */,
				EE6BC06A53EAEDBEC50D7992 /* WelcomeWindowController.swift */,
			);
			path = macOS;
			sourceTree = "<group>";
		};
/* End PBXGroup section */

/* Begin PBXNativeTarget section */
		34C14271ADFBB6396601B624 /* Claude Your Rings */ = {
			isa = PBXNativeTarget;
			buildConfigurationList = F33ECF7CC704C2834754BAA1 /* Build configuration list for PBXNativeTarget "Claude Your Rings" */;
			buildPhases = (
				83FD3E8616015BA1D8F4747D /* Sources */,
				DB31AE340B902281897897D9 /* Resources */,
			);
			buildRules = (
			);
			dependencies = (
			);
			name = "Claude Your Rings";
			packageProductDependencies = (
			);
			productName = "Claude Your Rings";
			productReference = 120E4BF5343E91F316E0B0B7 /* Claude Your Rings.app */;
			productType = "com.apple.product-type.application";
		};
		6049FF0A4DC1C84AC59D91C9 /* Claude Your Rings iOS */ = {
			isa = PBXNativeTarget;
			buildConfigurationList = A4C996038335253F166EBA8C /* Build configuration list for PBXNativeTarget "Claude Your Rings iOS" */;
			buildPhases = (
				3D8B5B64CB5D2E4D43D3269F /* Sources */,
				C7FD0BBF7AB489717E4C8230 /* Resources */,
				3EC11FA340087B7B26104177 /* Embed Foundation Extensions */,
			);
			buildRules = (
			);
			dependencies = (
				4B9F6766A8A317823BA950AA /* PBXTargetDependency */,
			);
			name = "Claude Your Rings iOS";
			packageProductDependencies = (
			);
			productName = "Claude Your Rings iOS";
			productReference = 98DE101EEA7D5873F7AF4FB5 /* Claude Your Rings iOS.app */;
			productType = "com.apple.product-type.application";
		};
		C97218F7F974488344AFEE83 /* Claude Your Rings Watch */ = {
			isa = PBXNativeTarget;
			buildConfigurationList = 55AF612F0CB1FA698FCBDD55 /* Build configuration list for PBXNativeTarget "Claude Your Rings Watch" */;
			buildPhases = (
				DB3D6DC55F44992FEAE4DF28 /* Sources */,
				AD1F5BDBEFB63CA6EF4F1432 /* Resources */,
			);
			buildRules = (
			);
			dependencies = (
			);
			name = "Claude Your Rings Watch";
			packageProductDependencies = (
			);
			productName = "Claude Your Rings Watch";
			productReference = 0872308317299AF9E5D1861A /* Claude Your Rings Watch.app */;
			productType = "com.apple.product-type.application";
		};
		D9EF71E15778C98B8EEC8CF8 /* Claude Your Rings Widget */ = {
			isa = PBXNativeTarget;
			buildConfigurationList = AD1D81BF9D891396AF313968 /* Build configuration list for PBXNativeTarget "Claude Your Rings Widget" */;
			buildPhases = (
				39F81C72ABC225EDC87426AC /* Sources */,
			);
			buildRules = (
			);
			dependencies = (
			);
			name = "Claude Your Rings Widget";
			packageProductDependencies = (
			);
			productName = "Claude Your Rings Widget";
			productReference = D785AA8DBDEC7C2C001ABBDB /* Claude Your Rings Widget.appex */;
			productType = "com.apple.product-type.app-extension";
		};
/* End PBXNativeTarget section */

/* Begin PBXProject section */
		E353528F24EE79536AA3DE7E /* Project object */ = {
			isa = PBXProject;
			attributes = {
				BuildIndependentTargetsInParallel = YES;
				LastUpgradeCheck = 2630;
				TargetAttributes = {
					34C14271ADFBB6396601B624 = {
						DevelopmentTeam = 29F59849NR;
						ProvisioningStyle = Automatic;
					};
					6049FF0A4DC1C84AC59D91C9 = {
						DevelopmentTeam = 29F59849NR;
						ProvisioningStyle = Automatic;
					};
					C97218F7F974488344AFEE83 = {
						DevelopmentTeam = 29F59849NR;
						ProvisioningStyle = Automatic;
					};
					D9EF71E15778C98B8EEC8CF8 = {
						DevelopmentTeam = 29F59849NR;
						ProvisioningStyle = Automatic;
					};
				};
			};
			buildConfigurationList = E2CD1EA3EC637595D704DE09 /* Build configuration list for PBXProject "Claude Your Rings" */;
			developmentRegion = en;
			hasScannedForEncodings = 0;
			knownRegions = (
				Base,
				en,
			);
			mainGroup = D2F0F93A6F378ACE57CF34B6;
			minimizedProjectReferenceProxies = 1;
			preferredProjectObjectVersion = 77;
			productRefGroup = 916840461552EBEA1FCFAE1C /* Products */;
			projectDirPath = "";
			projectRoot = "";
			targets = (
				34C14271ADFBB6396601B624 /* Claude Your Rings */,
				C97218F7F974488344AFEE83 /* Claude Your Rings Watch */,
				D9EF71E15778C98B8EEC8CF8 /* Claude Your Rings Widget */,
				6049FF0A4DC1C84AC59D91C9 /* Claude Your Rings iOS */,
			);
		};
/* End PBXProject section */

/* Begin PBXResourcesBuildPhase section */
		AD1F5BDBEFB63CA6EF4F1432 /* Resources */ = {
			isa = PBXResourcesBuildPhase;
			buildActionMask = 2147483647;
			files = (
				DB0ACF2FDAF3FB27CBA81139 /* Assets.xcassets in Resources */,
			);
			runOnlyForDeploymentPostprocessing = 0;
		};
		C7FD0BBF7AB489717E4C8230 /* Resources */ = {
			isa = PBXResourcesBuildPhase;
			buildActionMask = 2147483647;
			files = (
				7E670BD5F147783CD12F52F4 /* Assets.xcassets in Resources */,
			);
			runOnlyForDeploymentPostprocessing = 0;
		};
		DB31AE340B902281897897D9 /* Resources */ = {
			isa = PBXResourcesBuildPhase;
			buildActionMask = 2147483647;
			files = (
				88CDE0EF179CA43F154AADF6 /* Assets.xcassets in Resources */,
			);
			runOnlyForDeploymentPostprocessing = 0;
		};
/* End PBXResourcesBuildPhase section */

/* Begin PBXSourcesBuildPhase section */
		39F81C72ABC225EDC87426AC /* Sources */ = {
			isa = PBXSourcesBuildPhase;
			buildActionMask = 2147483647;
			files = (
				D7FE341FFD1874880375679E /* ConcentricCirclesView.swift in Sources */,
				0FA5BCA051CA0A4FE245B6FF /* SharedDefaults.swift in Sources */,
				4D39A1E0FC526D2155E30E06 /* UsageData.swift in Sources */,
				9497EA397BA661E77C4CEE15 /* UsageViews.swift in Sources */,
				CC1D31340D3EE47408DB2C7A /* UsageWidget.swift in Sources */,
				6F7EC3401B626114F80FC0C3 /* WidgetBundle.swift in Sources */,
			);
			runOnlyForDeploymentPostprocessing = 0;
		};
		3D8B5B64CB5D2E4D43D3269F /* Sources */ = {
			isa = PBXSourcesBuildPhase;
			buildActionMask = 2147483647;
			files = (
				15CE708F177EBAD43EDD43FB /* ConcentricCirclesView.swift in Sources */,
				045ED01433B290ED84979F07 /* ContentView.swift in Sources */,
				010A799CF52B233D3706F902 /* KeychainHelper.swift in Sources */,
				642997CE668F9F238CB4C154 /* SharedDefaults.swift in Sources */,
				793103113B1FD94C8203835E /* UsageData.swift in Sources */,
				38262AFED4AF28D0EC0AD4F2 /* UsageService.swift in Sources */,
				27CA6A8F2798A4FBA991ED46 /* UsageViews.swift in Sources */,
				61B25766728EC3D12216B40D /* iOSApp.swift in Sources */,
				01792DC534BC72187F931F28 /* iOSLoginView.swift in Sources */,
			);
			runOnlyForDeploymentPostprocessing = 0;
		};
		83FD3E8616015BA1D8F4747D /* Sources */ = {
			isa = PBXSourcesBuildPhase;
			buildActionMask = 2147483647;
			files = (
				BF2E1FDCED3B62B918FC5843 /* AppDelegate.swift in Sources */,
				2E1942F34A0EAFDC282A2B00 /* Claude_UsageApp.swift in Sources */,
				FEA240232F12D0BABEFB8108 /* ConcentricCirclesRenderer.swift in Sources */,
				C5B66ED363AC4EA757D8F97A /* ConcentricCirclesView.swift in Sources */,
				08B89649B5D9CB263B2750C2 /* KeychainHelper.swift in Sources */,
				176B79A3E45DDFC3A987C9E0 /* LoginWindowController.swift in Sources */,
				9EA73940916554AA49AE6BD3 /* SharedDefaults.swift in Sources */,
				3D6B6BFB6FD46D448137DF9E /* UsageData.swift in Sources */,
				68AEDAC3C33FFAEFDC592556 /* UsagePopoverView.swift in Sources */,
				5A9264B5DABD712A304CE347 /* UsageService.swift in Sources */,
				FA0559F1FA91CB9BA7091F4F /* UsageViews.swift in Sources */,
				A64510FA5C2410016399D4AA /* WelcomeWindowController.swift in Sources */,
			);
			runOnlyForDeploymentPostprocessing = 0;
		};
		DB3D6DC55F44992FEAE4DF28 /* Sources */ = {
			isa = PBXSourcesBuildPhase;
			buildActionMask = 2147483647;
			files = (
				3BA39DBCAD869F0EACCF485F /* ConcentricCirclesView.swift in Sources */,
				A6127CBE60225E6B8D8CDE19 /* SharedDefaults.swift in Sources */,
				69496620014ACC0E255D4109 /* UsageData.swift in Sources */,
				0DAF3EC9A8C198F46D146D24 /* UsageViews.swift in Sources */,
				E7333982B68D38D1F7E7A1A3 /* WatchApp.swift in Sources */,
				696A556B63809A5714DD9B43 /* WatchContentView.swift in Sources */,
			);
			runOnlyForDeploymentPostprocessing = 0;
		};
/* End PBXSourcesBuildPhase section */

/* Begin PBXTargetDependency section */
		4B9F6766A8A317823BA950AA /* PBXTargetDependency */ = {
			isa = PBXTargetDependency;
			target = D9EF71E15778C98B8EEC8CF8 /* Claude Your Rings Widget */;
			targetProxy = E9B00783FBF549D59E8060DB /* PBXContainerItemProxy */;
		};
/* End PBXTargetDependency section */

/* Begin XCBuildConfiguration section */
		157835702898D81659B7B408 /* Release */ = {
			isa = XCBuildConfiguration;
			buildSettings = {
				ASSETCATALOG_COMPILER_APPICON_NAME = AppIcon;
				CODE_SIGN_ENTITLEMENTS = macOS/Claude_Usage.entitlements;
				COMBINE_HIDPI_IMAGES = YES;
				DEAD_CODE_STRIPPING = YES;
				ENABLE_APP_SANDBOX = YES;
				ENABLE_HARDENED_RUNTIME = YES;
				ENABLE_OUTGOING_NETWORK_CONNECTIONS = YES;
				GENERATE_INFOPLIST_FILE = YES;
				INFOPLIST_FILE = macOS/Info.plist;
				INFOPLIST_KEY_LSApplicationCategoryType = "public.app-category.productivity";
				LD_RUNPATH_SEARCH_PATHS = (
					"$(inherited)",
					"@executable_path/../Frameworks",
				);
				PRODUCT_BUNDLE_IDENTIFIER = com.ranveer.ClaudeYourRings;
				REGISTER_APP_GROUPS = YES;
				SDKROOT = macosx;
			};
			name = Release;
		};
		37332DDAF948F2CCEEA78813 /* Release */ = {
			isa = XCBuildConfiguration;
			buildSettings = {
				CODE_SIGN_ENTITLEMENTS = Widget/Claude_Usage_Widget.entitlements;
				INFOPLIST_FILE = Widget/Info.plist;
				LD_RUNPATH_SEARCH_PATHS = (
					"$(inherited)",
					"@executable_path/Frameworks",
					"@executable_path/../../Frameworks",
				);
				PRODUCT_BUNDLE_IDENTIFIER = com.ranveer.ClaudeYourRings.widget;
				SDKROOT = iphoneos;
				TARGETED_DEVICE_FAMILY = "1,2";
			};
			name = Release;
		};
		5CD96C83E0780F8F086AE909 /* Release */ = {
			isa = XCBuildConfiguration;
			buildSettings = {
				ALWAYS_SEARCH_USER_PATHS = NO;
				CLANG_ANALYZER_NONNULL = YES;
				CLANG_ANALYZER_NUMBER_OBJECT_CONVERSION = YES_AGGRESSIVE;
				CLANG_CXX_LANGUAGE_STANDARD = "gnu++14";
				CLANG_CXX_LIBRARY = "libc++";
				CLANG_ENABLE_MODULES = YES;
				CLANG_ENABLE_OBJC_ARC = YES;
				CLANG_ENABLE_OBJC_WEAK = YES;
				CLANG_WARN_BLOCK_CAPTURE_AUTORELEASING = YES;
				CLANG_WARN_BOOL_CONVERSION = YES;
				CLANG_WARN_COMMA = YES;
				CLANG_WARN_CONSTANT_CONVERSION = YES;
				CLANG_WARN_DEPRECATED_OBJC_IMPLEMENTATIONS = YES;
				CLANG_WARN_DIRECT_OBJC_ISA_USAGE = YES_ERROR;
				CLANG_WARN_DOCUMENTATION_COMMENTS = YES;
				CLANG_WARN_EMPTY_BODY = YES;
				CLANG_WARN_ENUM_CONVERSION = YES;
				CLANG_WARN_INFINITE_RECURSION = YES;
				CLANG_WARN_INT_CONVERSION = YES;
				CLANG_WARN_NON_LITERAL_NULL_CONVERSION = YES;
				CLANG_WARN_OBJC_IMPLICIT_RETAIN_SELF = YES;
				CLANG_WARN_OBJC_LITERAL_CONVERSION = YES;
				CLANG_WARN_OBJC_ROOT_CLASS = YES_ERROR;
				CLANG_WARN_QUOTED_INCLUDE_IN_FRAMEWORK_HEADER = YES;
				CLANG_WARN_RANGE_LOOP_ANALYSIS = YES;
				CLANG_WARN_STRICT_PROTOTYPES = YES;
				CLANG_WARN_SUSPICIOUS_MOVE = YES;
				CLANG_WARN_UNGUARDED_AVAILABILITY = YES_AGGRESSIVE;
				CLANG_WARN_UNREACHABLE_CODE = YES;
				CLANG_WARN__DUPLICATE_METHOD_MATCH = YES;
				CODE_SIGN_STYLE = Automatic;
				COPY_PHASE_STRIP = NO;
				CURRENT_PROJECT_VERSION = 1;
				DEAD_CODE_STRIPPING = YES;
				DEBUG_INFORMATION_FORMAT = "dwarf-with-dsym";
				DEVELOPMENT_TEAM = 29F59849NR;
				ENABLE_NS_ASSERTIONS = NO;
				ENABLE_PREVIEWS = YES;
				ENABLE_STRICT_OBJC_MSGSEND = YES;
				ENABLE_USER_SCRIPT_SANDBOXING = YES;
				GCC_C_LANGUAGE_STANDARD = gnu11;
				GCC_NO_COMMON_BLOCKS = YES;
				GCC_WARN_64_TO_32_BIT_CONVERSION = YES;
				GCC_WARN_ABOUT_RETURN_TYPE = YES_ERROR;
				GCC_WARN_UNDECLARED_SELECTOR = YES;
				GCC_WARN_UNINITIALIZED_AUTOS = YES_AGGRESSIVE;
				GCC_WARN_UNUSED_FUNCTION = YES;
				GCC_WARN_UNUSED_VARIABLE = YES;
				IPHONEOS_DEPLOYMENT_TARGET = 17.0;
				MACOSX_DEPLOYMENT_TARGET = 14.0;
				MARKETING_VERSION = 1.0;
				MTL_ENABLE_DEBUG_INFO = NO;
				MTL_FAST_MATH = YES;
				PRODUCT_NAME = "$(TARGET_NAME)";
				STRING_CATALOG_GENERATE_SYMBOLS = YES;
				SWIFT_APPROACHABLE_CONCURRENCY = YES;
				SWIFT_COMPILATION_MODE = wholemodule;
				SWIFT_DEFAULT_ACTOR_ISOLATION = MainActor;
				SWIFT_OPTIMIZATION_LEVEL = "-O";
				SWIFT_VERSION = 5.0;
				WATCHOS_DEPLOYMENT_TARGET = 10.0;
			};
			name = Release;
		};
		5F1B71B7018D4D7862293285 /* Debug */ = {
			isa = XCBuildConfiguration;
			buildSettings = {
				CODE_SIGN_ENTITLEMENTS = Widget/Claude_Usage_Widget.entitlements;
				INFOPLIST_FILE = Widget/Info.plist;
				LD_RUNPATH_SEARCH_PATHS = (
					"$(inherited)",
					"@executable_path/Frameworks",
					"@executable_path/../../Frameworks",
				);
				PRODUCT_BUNDLE_IDENTIFIER = com.ranveer.ClaudeYourRings.widget;
				SDKROOT = iphoneos;
				TARGETED_DEVICE_FAMILY = "1,2";
			};
			name = Debug;
		};
		74145FC52927AD26472AF937 /* Release */ = {
			isa = XCBuildConfiguration;
			buildSettings = {
				ASSETCATALOG_COMPILER_APPICON_NAME = AppIcon;
				CODE_SIGN_ENTITLEMENTS = iOS/Claude_Usage_iOS.entitlements;
				CODE_SIGN_IDENTITY = "iPhone Developer";
				GENERATE_INFOPLIST_FILE = YES;
				INFOPLIST_KEY_LSApplicationCategoryType = "public.app-category.productivity";
				INFOPLIST_KEY_UIApplicationSceneManifest_Generation = YES;
				INFOPLIST_KEY_UILaunchScreen_Generation = YES;
				INFOPLIST_KEY_UISupportedInterfaceOrientations_iPad = "UIInterfaceOrientationPortrait UIInterfaceOrientationPortraitUpsideDown UIInterfaceOrientationLandscapeLeft UIInterfaceOrientationLandscapeRight";
				INFOPLIST_KEY_UISupportedInterfaceOrientations_iPhone = UIInterfaceOrientationPortrait;
				LD_RUNPATH_SEARCH_PATHS = (
					"$(inherited)",
					"@executable_path/Frameworks",
				);
				PRODUCT_BUNDLE_IDENTIFIER = com.ranveer.ClaudeYourRings;
				SDKROOT = iphoneos;
				TARGETED_DEVICE_FAMILY = "1,2";
			};
			name = Release;
		};
		95A991D24A6401AB6DE98627 /* Debug */ = {
			isa = XCBuildConfiguration;
			buildSettings = {
				ASSETCATALOG_COMPILER_APPICON_NAME = AppIcon;
				CODE_SIGN_ENTITLEMENTS = macOS/Claude_Usage.entitlements;
				COMBINE_HIDPI_IMAGES = YES;
				DEAD_CODE_STRIPPING = YES;
				ENABLE_APP_SANDBOX = YES;
				ENABLE_HARDENED_RUNTIME = YES;
				ENABLE_OUTGOING_NETWORK_CONNECTIONS = YES;
				GENERATE_INFOPLIST_FILE = YES;
				INFOPLIST_FILE = macOS/Info.plist;
				INFOPLIST_KEY_LSApplicationCategoryType = "public.app-category.productivity";
				LD_RUNPATH_SEARCH_PATHS = (
					"$(inherited)",
					"@executable_path/../Frameworks",
				);
				PRODUCT_BUNDLE_IDENTIFIER = com.ranveer.ClaudeYourRings;
				REGISTER_APP_GROUPS = YES;
				SDKROOT = macosx;
			};
			name = Debug;
		};
		9A1ED08B9DBBBFAF6D700677 /* Debug */ = {
			isa = XCBuildConfiguration;
			buildSettings = {
				ASSETCATALOG_COMPILER_APPICON_NAME = AppIcon;
				CODE_SIGN_ENTITLEMENTS = iOS/Claude_Usage_iOS.entitlements;
				CODE_SIGN_IDENTITY = "iPhone Developer";
				GENERATE_INFOPLIST_FILE = YES;
				INFOPLIST_KEY_LSApplicationCategoryType = "public.app-category.productivity";
				INFOPLIST_KEY_UIApplicationSceneManifest_Generation = YES;
				INFOPLIST_KEY_UILaunchScreen_Generation = YES;
				INFOPLIST_KEY_UISupportedInterfaceOrientations_iPad = "UIInterfaceOrientationPortrait UIInterfaceOrientationPortraitUpsideDown UIInterfaceOrientationLandscapeLeft UIInterfaceOrientationLandscapeRight";
				INFOPLIST_KEY_UISupportedInterfaceOrientations_iPhone = UIInterfaceOrientationPortrait;
				LD_RUNPATH_SEARCH_PATHS = (
					"$(inherited)",
					"@executable_path/Frameworks",
				);
				PRODUCT_BUNDLE_IDENTIFIER = com.ranveer.ClaudeYourRings;
				SDKROOT = iphoneos;
				TARGETED_DEVICE_FAMILY = "1,2";
			};
			name = Debug;
		};
		DEEAA1F0FDA112A72827AFCD /* Release */ = {
			isa = XCBuildConfiguration;
			buildSettings = {
				ASSETCATALOG_COMPILER_APPICON_NAME = AppIcon;
				CODE_SIGN_ENTITLEMENTS = Watch/Claude_Usage_Watch.entitlements;
				GENERATE_INFOPLIST_FILE = YES;
				INFOPLIST_KEY_LSApplicationCategoryType = "public.app-category.productivity";
				INFOPLIST_KEY_WKCompanionAppBundleIdentifier = com.ranveer.ClaudeYourRings;
				PRODUCT_BUNDLE_IDENTIFIER = com.ranveer.ClaudeYourRings.watchkitapp;
				SDKROOT = watchos;
				SKIP_INSTALL = YES;
				TARGETED_DEVICE_FAMILY = 4;
			};
			name = Release;
		};
		EF17FB5F5FBF740310089092 /* Debug */ = {
			isa = XCBuildConfiguration;
			buildSettings = {
				ALWAYS_SEARCH_USER_PATHS = NO;
				CLANG_ANALYZER_NONNULL = YES;
				CLANG_ANALYZER_NUMBER_OBJECT_CONVERSION = YES_AGGRESSIVE;
				CLANG_CXX_LANGUAGE_STANDARD = "gnu++14";
				CLANG_CXX_LIBRARY = "libc++";
				CLANG_ENABLE_MODULES = YES;
				CLANG_ENABLE_OBJC_ARC = YES;
				CLANG_ENABLE_OBJC_WEAK = YES;
				CLANG_WARN_BLOCK_CAPTURE_AUTORELEASING = YES;
				CLANG_WARN_BOOL_CONVERSION = YES;
				CLANG_WARN_COMMA = YES;
				CLANG_WARN_CONSTANT_CONVERSION = YES;
				CLANG_WARN_DEPRECATED_OBJC_IMPLEMENTATIONS = YES;
				CLANG_WARN_DIRECT_OBJC_ISA_USAGE = YES_ERROR;
				CLANG_WARN_DOCUMENTATION_COMMENTS = YES;
				CLANG_WARN_EMPTY_BODY = YES;
				CLANG_WARN_ENUM_CONVERSION = YES;
				CLANG_WARN_INFINITE_RECURSION = YES;
				CLANG_WARN_INT_CONVERSION = YES;
				CLANG_WARN_NON_LITERAL_NULL_CONVERSION = YES;
				CLANG_WARN_OBJC_IMPLICIT_RETAIN_SELF = YES;
				CLANG_WARN_OBJC_LITERAL_CONVERSION = YES;
				CLANG_WARN_OBJC_ROOT_CLASS = YES_ERROR;
				CLANG_WARN_QUOTED_INCLUDE_IN_FRAMEWORK_HEADER = YES;
				CLANG_WARN_RANGE_LOOP_ANALYSIS = YES;
				CLANG_WARN_STRICT_PROTOTYPES = YES;
				CLANG_WARN_SUSPICIOUS_MOVE = YES;
				CLANG_WARN_UNGUARDED_AVAILABILITY = YES_AGGRESSIVE;
				CLANG_WARN_UNREACHABLE_CODE = YES;
				CLANG_WARN__DUPLICATE_METHOD_MATCH = YES;
				CODE_SIGN_STYLE = Automatic;
				COPY_PHASE_STRIP = NO;
				CURRENT_PROJECT_VERSION = 1;
				DEAD_CODE_STRIPPING = YES;
				DEBUG_INFORMATION_FORMAT = dwarf;
				DEVELOPMENT_TEAM = 29F59849NR;
				ENABLE_PREVIEWS = YES;
				ENABLE_STRICT_OBJC_MSGSEND = YES;
				ENABLE_TESTABILITY = YES;
				ENABLE_USER_SCRIPT_SANDBOXING = YES;
				GCC_C_LANGUAGE_STANDARD = gnu11;
				GCC_DYNAMIC_NO_PIC = NO;
				GCC_NO_COMMON_BLOCKS = YES;
				GCC_OPTIMIZATION_LEVEL = 0;
				GCC_PREPROCESSOR_DEFINITIONS = (
					"$(inherited)",
					"DEBUG=1",
				);
				GCC_WARN_64_TO_32_BIT_CONVERSION = YES;
				GCC_WARN_ABOUT_RETURN_TYPE = YES_ERROR;
				GCC_WARN_UNDECLARED_SELECTOR = YES;
				GCC_WARN_UNINITIALIZED_AUTOS = YES_AGGRESSIVE;
				GCC_WARN_UNUSED_FUNCTION = YES;
				GCC_WARN_UNUSED_VARIABLE = YES;
				IPHONEOS_DEPLOYMENT_TARGET = 17.0;
				MACOSX_DEPLOYMENT_TARGET = 14.0;
				MARKETING_VERSION = 1.0;
				MTL_ENABLE_DEBUG_INFO = INCLUDE_SOURCE;
				MTL_FAST_MATH = YES;
				ONLY_ACTIVE_ARCH = YES;
				PRODUCT_NAME = "$(TARGET_NAME)";
				STRING_CATALOG_GENERATE_SYMBOLS = YES;
				SWIFT_ACTIVE_COMPILATION_CONDITIONS = DEBUG;
				SWIFT_APPROACHABLE_CONCURRENCY = YES;
				SWIFT_DEFAULT_ACTOR_ISOLATION = MainActor;
				SWIFT_OPTIMIZATION_LEVEL = "-Onone";
				SWIFT_VERSION = 5.0;
				WATCHOS_DEPLOYMENT_TARGET = 10.0;
			};
			name = Debug;
		};
		FEB33953CED294A9575D6E1D /* Debug */ = {
			isa = XCBuildConfiguration;
			buildSettings = {
				ASSETCATALOG_COMPILER_APPICON_NAME = AppIcon;
				CODE_SIGN_ENTITLEMENTS = Watch/Claude_Usage_Watch.entitlements;
				GENERATE_INFOPLIST_FILE = YES;
				INFOPLIST_KEY_LSApplicationCategoryType = "public.app-category.productivity";
				INFOPLIST_KEY_WKCompanionAppBundleIdentifier = com.ranveer.ClaudeYourRings;
				PRODUCT_BUNDLE_IDENTIFIER = com.ranveer.ClaudeYourRings.watchkitapp;
				SDKROOT = watchos;
				SKIP_INSTALL = YES;
				TARGETED_DEVICE_FAMILY = 4;
			};
			name = Debug;
		};
/* End XCBuildConfiguration section */

/* Begin XCConfigurationList section */
		55AF612F0CB1FA698FCBDD55 /* Build configuration list for PBXNativeTarget "Claude Your Rings Watch" */ = {
			isa = XCConfigurationList;
			buildConfigurations = (
				FEB33953CED294A9575D6E1D /* Debug */,
				DEEAA1F0FDA112A72827AFCD /* Release */,
			);
			defaultConfigurationIsVisible = 0;
			defaultConfigurationName = Debug;
		};
		A4C996038335253F166EBA8C /* Build configuration list for PBXNativeTarget "Claude Your Rings iOS" */ = {
			isa = XCConfigurationList;
			buildConfigurations = (
				9A1ED08B9DBBBFAF6D700677 /* Debug */,
				74145FC52927AD26472AF937 /* Release */,
			);
			defaultConfigurationIsVisible = 0;
			defaultConfigurationName = Debug;
		};
		AD1D81BF9D891396AF313968 /* Build configuration list for PBXNativeTarget "Claude Your Rings Widget" */ = {
			isa = XCConfigurationList;
			buildConfigurations = (
				5F1B71B7018D4D7862293285 /* Debug */,
				37332DDAF948F2CCEEA78813 /* Release */,
			);
			defaultConfigurationIsVisible = 0;
			defaultConfigurationName = Debug;
		};
		E2CD1EA3EC637595D704DE09 /* Build configuration list for PBXProject "Claude Your Rings" */ = {
			isa = XCConfigurationList;
			buildConfigurations = (
				EF17FB5F5FBF740310089092 /* Debug */,
				5CD96C83E0780F8F086AE909 /* Release */,
			);
			defaultConfigurationIsVisible = 0;
			defaultConfigurationName = Debug;
		};
		F33ECF7CC704C2834754BAA1 /* Build configuration list for PBXNativeTarget "Claude Your Rings" */ = {
			isa = XCConfigurationList;
			buildConfigurations = (
				95A991D24A6401AB6DE98627 /* Debug */,
				157835702898D81659B7B408 /* Release */,
			);
			defaultConfigurationIsVisible = 0;
			defaultConfigurationName = Debug;
		};
/* End XCConfigurationList section */
	};
	rootObject = E353528F24EE79536AA3DE7E /* Project object */;
}
